
Microsoft Visual Studio Solution File, Format Version 12.00
# Visual Studio Version 17
VisualStudioVersion = 17.0.31903.59
MinimumVisualStudioVersion = 10.0.40219.1
Project("{FAE04EC0-301F-11D3-BF4B-00C04F79EFBC}") = "Ejemplo", "Ejemplo\Ejemplo.csproj", "{B81D2E48-7D1F-46B3-B7CC-34455383E9CE}"
EndProject
Project("{2150E333-8FDC-42A3-9474-1A3956D46DE8}") = "Laboratorios C#", "Laboratorios C#", "{96B72681-A01F-4B17-B001-0D01265D1FF9}"
EndProject
Project("{FAE04EC0-301F-11D3-BF4B-00C04F79EFBC}") = "Prueba", "Laboratorios C#\Prueba\Prueba.csproj", "{56F7B456-8815-4CA8-8226-458BAB5385EC}"
EndProject
Project("{FAE04EC0-301F-11D3-BF4B-00C04F79EFBC}") = "ConsoleApp1", "Laboratorios C#\ConsoleApp1\ConsoleApp1.csproj", "{8F3E7779-FF35-4534-B2AF-07D9F63C2A4C}"
EndProject
Project("{FAE04EC0-301F-11D3-BF4B-00C04F79EFBC}") = "Acr.Ciclos2", "Laboratorios C#\Acr.Ciclos2\Acr.Ciclos2.csproj", "{7EFFC21C-3874-4A5C-ABFF-8D7F6C78E882}"
EndProject
Global
	GlobalSection(SolutionConfigurationPlatforms) = preSolution
		Debug|Any CPU = Debug|Any CPU
		Release|Any CPU = Release|Any CPU
	EndGlobalSection
	GlobalSection(SolutionProperties) = preSolution
		HideSolutionNode = FALSE
	EndGlobalSection
	GlobalSection(ProjectConfigurationPlatforms) = postSolution
		{B81D2E48-7D1F-46B3-B7CC-34455383E9CE}.Debug|Any CPU.ActiveCfg = Debug|Any CPU
		{B81D2E48-7D1F-46B3-B7CC-34455383E9CE}.Debug|Any CPU.Build.0 = Debug|Any CPU
		{B81D2E48-7D1F-46B3-B7CC-34455383E9CE}.Release|Any CPU.ActiveCfg = Release|Any CPU
		{B81D2E48-7D1F-46B3-B7CC-34455383E9CE}.Release|Any CPU.Build.0 = Release|Any CPU
		{56F7B456-8815-4CA8-8226-458BAB5385EC}.Debug|Any CPU.ActiveCfg = Debug|Any CPU
		{56F7B456-8815-4CA8-8226-458BAB5385EC}.Debug|Any CPU.Build.0 = Debug|Any CPU
		{56F7B456-8815-4CA8-8226-458BAB5385EC}.Release|Any CPU.ActiveCfg = Release|Any CPU
		{56F7B456-8815-4CA8-8226-458BAB5385EC}.Release|Any CPU.Build.0 = Release|Any CPU
		{8F3E7779-FF35-4534-B2AF-07D9F63C2A4C}.Debug|Any CPU.ActiveCfg = Debug|Any CPU
		{8F3E7779-FF35-4534-B2AF-07D9F63C2A4C}.Debug|Any CPU.Build.0 = Debug|Any CPU
		{8F3E7779-FF35-4534-B2AF-07D9F63C2A4C}.Release|Any CPU.ActiveCfg = Release|Any CPU
		{8F3E7779-FF35-4534-B2AF-07D9F63C2A4C}.Release|Any CPU.Build.0 = Release|Any CPU
		{7EFFC21C-3874-4A5C-ABFF-8D7F6C78E882}.Debug|Any CPU.ActiveCfg = Debug|Any CPU
		{7EFFC21C-3874-4A5C-ABFF-8D7F6C78E882}.Debug|Any CPU.Build.0 = Debug|Any CPU
		{7EFFC21C-3874-4A5C-ABFF-8D7F6C78E882}.Release|Any CPU.ActiveCfg = Release|Any CPU
		{7EFFC21C-3874-4A5C-ABFF-8D7F6C78E882}.Release|Any CPU.Build.0 = Release|Any CPU
	EndGlobalSection
	GlobalSection(NestedProjects) = preSolution
		{56F7B456-8815-4CA8-8226-458BAB5385EC} = {96B72681-A01F-4B17-B001-0D01265D1FF9}
		{8F3E7779-FF35-4534-B2AF-07D9F63C2A4C} = {96B72681-A01F-4B17-B001-0D01265D1FF9}
		{7EFFC21C-3874-4A5C-ABFF-8D7F6C78E882} = {96B72681-A01F-4B17-B001-0D01265D1FF9}
	EndGlobalSection
EndGlobal
